Microsoft Visual Studio Solution File, Format Version 12.00
# Visual Studio Version 17
VisualStudioVersion = 17.8.0.0
MinimumVisualStudioVersion = 17.8.0.0
Project("{9A19103F-16F7-4668-BE54-9A1E7A4F7556}") = "WinHub.AppHost", "src\WinHub.AppHost\WinHub.AppHost.csproj", "{C8AE9B11-5FA6-47F5-85BA-FB0FEA609A4F}"
EndProject
Project("{9A19103F-16F7-4668-BE54-9A1E7A4F7556}") = "WinHub.ServiceDefaults", "src\WinHub.ServiceDefaults\WinHub.ServiceDefaults.csproj", "{375EA290-196F-48F3-82E9-0D171885A7F5}"
EndProject
Project("{9A19103F-16F7-4668-BE54-9A1E7A4F7556}") = "WinHub.ApiService", "src\WinHub.ApiService\WinHub.ApiService.csproj", "{3475FA48-6F4C-4913-84EE-90C3902BA7B0}"
EndProject
Project("{9A19103F-16F7-4668-BE54-9A1E7A4F7556}") = "WinHub.Web", "src\WinHub.Web\WinHub.Web.csproj", "{05EB10DD-0197-4DD7-9868-158AAC1F79C6}"
EndProject
Project("{2150E333-8FDC-42A3-9474-1A3956D46DE8}") = "src", "src", "{23D6982A-3A50-4533-BF40-5BD113D161E1}"
EndProject
Project("{2150E333-8FDC-42A3-9474-1A3956D46DE8}") = "Solution Items", "Solution Items", "{25AB04A3-2386-490E-A2A9-5567BF60AB81}"
	ProjectSection(SolutionItems) = preProject
		.editorconfig = .editorconfig
		.gitignore = .gitignore
		Directory.Build.props = Directory.Build.props
		README.md = README.md
	EndProjectSection
EndProject
Project("{2150E333-8FDC-42A3-9474-1A3956D46DE8}") = "tests", "tests", "{1958F47E-BED1-4132-BB08-8E79DB9D4BBB}"
EndProject
Project("{FAE04EC0-301F-11D3-BF4B-00C04F79EFBC}") = "WinHub.ApiService.IntegrationTests", "WinHub.ApiService.IntegrationTests\WinHub.ApiService.IntegrationTests.csproj", "{574FF77F-65AA-4DDF-8A7F-F81A707E2966}"
EndProject
Global
	GlobalSection(SolutionConfigurationPlatforms) = preSolution
		Debug|Any CPU = Debug|Any CPU
		Release|Any CPU = Release|Any CPU
	EndGlobalSection
	GlobalSection(ProjectConfigurationPlatforms) = postSolution
		{C8AE9B11-5FA6-47F5-85BA-FB0FEA609A4F}.Debug|Any CPU.ActiveCfg = Debug|Any CPU
		{C8AE9B11-5FA6-47F5-85BA-FB0FEA609A4F}.Debug|Any CPU.Build.0 = Debug|Any CPU
		{C8AE9B11-5FA6-47F5-85BA-FB0FEA609A4F}.Release|Any CPU.ActiveCfg = Release|Any CPU
		{C8AE9B11-5FA6-47F5-85BA-FB0FEA609A4F}.Release|Any CPU.Build.0 = Release|Any CPU
		{375EA290-196F-48F3-82E9-0D171885A7F5}.Debug|Any CPU.ActiveCfg = Debug|Any CPU
		{375EA290-196F-48F3-82E9-0D171885A7F5}.Debug|Any CPU.Build.0 = Debug|Any CPU
		{375EA290-196F-48F3-82E9-0D171885A7F5}.Release|Any CPU.ActiveCfg = Release|Any CPU
		{375EA290-196F-48F3-82E9-0D171885A7F5}.Release|Any CPU.Build.0 = Release|Any CPU
		{3475FA48-6F4C-4913-84EE-90C3902BA7B0}.Debug|Any CPU.ActiveCfg = Debug|Any CPU
		{3475FA48-6F4C-4913-84EE-90C3902BA7B0}.Debug|Any CPU.Build.0 = Debug|Any CPU
		{3475FA48-6F4C-4913-84EE-90C3902BA7B0}.Release|Any CPU.ActiveCfg = Release|Any CPU
		{3475FA48-6F4C-4913-84EE-90C3902BA7B0}.Release|Any CPU.Build.0 = Release|Any CPU
		{05EB10DD-0197-4DD7-9868-158AAC1F79C6}.Debug|Any CPU.ActiveCfg = Debug|Any CPU
		{05EB10DD-0197-4DD7-9868-158AAC1F79C6}.Debug|Any CPU.Build.0 = Debug|Any CPU
		{05EB10DD-0197-4DD7-9868-158AAC1F79C6}.Release|Any CPU.ActiveCfg = Release|Any CPU
		{05EB10DD-0197-4DD7-9868-158AAC1F79C6}.Release|Any CPU.Build.0 = Release|Any CPU
		{574FF77F-65AA-4DDF-8A7F-F81A707E2966}.Debug|Any CPU.ActiveCfg = Debug|Any CPU
		{574FF77F-65AA-4DDF-8A7F-F81A707E2966}.Debug|Any CPU.Build.0 = Debug|Any CPU
		{574FF77F-65AA-4DDF-8A7F-F81A707E2966}.Release|Any CPU.ActiveCfg = Release|Any CPU
		{574FF77F-65AA-4DDF-8A7F-F81A707E2966}.Release|Any CPU.Build.0 = Release|Any CPU
	EndGlobalSection
	GlobalSection(SolutionProperties) = preSolution
		HideSolutionNode = FALSE
	EndGlobalSection
	GlobalSection(NestedProjects) = preSolution
		{C8AE9B11-5FA6-47F5-85BA-FB0FEA609A4F} = {23D6982A-3A50-4533-BF40-5BD113D161E1}
		{375EA290-196F-48F3-82E9-0D171885A7F5} = {23D6982A-3A50-4533-BF40-5BD113D161E1}
		{3475FA48-6F4C-4913-84EE-90C3902BA7B0} = {23D6982A-3A50-4533-BF40-5BD113D161E1}
		{05EB10DD-0197-4DD7-9868-158AAC1F79C6} = {23D6982A-3A50-4533-BF40-5BD113D161E1}
		{574FF77F-65AA-4DDF-8A7F-F81A707E2966} = {1958F47E-BED1-4132-BB08-8E79DB9D4BBB}
	EndGlobalSection
	GlobalSection(ExtensibilityGlobals) = postSolution
		SolutionGuid = {098CE604-9B92-47B8-BF8F-3F3F7B4E327C}
	EndGlobalSection
EndGlobal
