
Microsoft Visual Studio Solution File, Format Version 12.00
# Visual Studio Version 17
VisualStudioVersion = 17.8.0.0
MinimumVisualStudioVersion = 17.8.0.0
Project("{9A19103F-16F7-4668-BE54-9A1E7A4F7556}") = "WinHub.AppHost", "src\WinHub.AppHost\WinHub.AppHost.csproj", "{C8AE9B11-5FA6-47F5-85BA-FB0FEA609A4F}"
EndProject
Project("{2150E333-8FDC-42A3-9474-1A3956D46DE8}") = "src", "src", "{23D6982A-3A50-4533-BF40-5BD113D161E1}"
EndProject
Project("{2150E333-8FDC-42A3-9474-1A3956D46DE8}") = "Solution Items", "Solution Items", "{25AB04A3-2386-490E-A2A9-5567BF60AB81}"
	ProjectSection(SolutionItems) = preProject
		.editorconfig = .editorconfig
		.gitignore = .gitignore
		Directory.Build.props = Directory.Build.props
		README.md = README.md
	EndProjectSection
EndProject
Project("{2150E333-8FDC-42A3-9474-1A3956D46DE8}") = "tests", "tests", "{1958F47E-BED1-4132-BB08-8E79DB9D4BBB}"
EndProject
Project("{2150E333-8FDC-42A3-9474-1A3956D46DE8}") = "frontend", "frontend", "{B335D786-A318-DBD6-6E3C-F87BF0C56265}"
EndProject
Project("{2150E333-8FDC-42A3-9474-1A3956D46DE8}") = "backend", "backend", "{E3224245-D5FC-A294-7B0B-225DE4123DD6}"
EndProject
Project("{2150E333-8FDC-42A3-9474-1A3956D46DE8}") = "shared", "shared", "{4CCF4CD6-1C79-4EBA-99D4-2290C45FCCA4}"
EndProject
Project("{FAE04EC0-301F-11D3-BF4B-00C04F79EFBC}") = "WinHub.ApiService", "src\backend\WinHub.ApiService\WinHub.ApiService.csproj", "{5676FB07-11FF-46B0-AAF7-1A9681715479}"
EndProject
Project("{FAE04EC0-301F-11D3-BF4B-00C04F79EFBC}") = "WinHub.Blazor", "src\frontend\WinHub.Blazor\WinHub.Blazor.csproj", "{36BF5817-5FC7-4397-A1E2-B99B8C38D9D2}"
EndProject
Project("{FAE04EC0-301F-11D3-BF4B-00C04F79EFBC}") = "WinHub.ServiceDefaults", "src\shared\WinHub.ServiceDefaults\WinHub.ServiceDefaults.csproj", "{D282EDCA-E004-4C3E-9B48-84E060206E43}"
EndProject
Project("{FAE04EC0-301F-11D3-BF4B-00C04F79EFBC}") = "WinHub.ApiService.IntegrationTests", "tests\WinHub.ApiService.IntegrationTests\WinHub.ApiService.IntegrationTests.csproj", "{9D8326F3-32CD-449C-8053-8C6D5D74CF45}"
EndProject
Project("{2150E333-8FDC-42A3-9474-1A3956D46DE8}") = "httpClient", "httpClient", "{5E30039B-F31A-1DE6-A0FC-8BE671DD59CD}"
	ProjectSection(SolutionItems) = preProject
		tests\httpClient\participation.http = tests\httpClient\participation.http
	EndProjectSection
EndProject
Project("{FAE04EC0-301F-11D3-BF4B-00C04F79EFBC}") = "WinHub.Shared", "src\shared\WinHub.Shared\WinHub.Shared.csproj", "{E77EFAA9-0606-41E5-9888-71ABED78EF0B}"
EndProject
Project("{54A90642-561A-4BB1-A94E-469ADEE60C69}") = "WinHub.Angular", "src\frontend\WinHub.Angular\WinHub.Angular.esproj", "{4D5F3183-4A93-88CF-DAF0-0D36BC49D45B}"
EndProject
Project("{54A90642-561A-4BB1-A94E-469ADEE60C69}") = "WinHub.React", "src\frontend\WinHub.React\WinHub.React.esproj", "{CD04222B-E8F7-0AD5-0D3A-EED10E25D2B0}"
EndProject
Project("{54A90642-561A-4BB1-A94E-469ADEE60C69}") = "WinHub.VueJS", "src\frontend\WinHub.VueJS\WinHub.VueJS.esproj", "{B58B7BC4-8883-BF43-EFBA-0DAD3DD55F6F}"
EndProject
Project("{FAE04EC0-301F-11D3-BF4B-00C04F79EFBC}") = "WinHub.Shared", "src\shared\WinHub.Shared\WinHub.Shared.csproj", "{E77EFAA9-0606-41E5-9888-71ABED78EF0B}"
EndProject
Global
	GlobalSection(SolutionConfigurationPlatforms) = preSolution
		Debug|Any CPU = Debug|Any CPU
		Debug|x64 = Debug|x64
		Debug|x86 = Debug|x86
		Release|Any CPU = Release|Any CPU
		Release|x64 = Release|x64
		Release|x86 = Release|x86
	EndGlobalSection
	GlobalSection(ProjectConfigurationPlatforms) = postSolution
		{C8AE9B11-5FA6-47F5-85BA-FB0FEA609A4F}.Debug|Any CPU.ActiveCfg = Debug|Any CPU
		{C8AE9B11-5FA6-47F5-85BA-FB0FEA609A4F}.Debug|Any CPU.Build.0 = Debug|Any CPU
		{C8AE9B11-5FA6-47F5-85BA-FB0FEA609A4F}.Debug|x64.ActiveCfg = Debug|Any CPU
		{C8AE9B11-5FA6-47F5-85BA-FB0FEA609A4F}.Debug|x64.Build.0 = Debug|Any CPU
		{C8AE9B11-5FA6-47F5-85BA-FB0FEA609A4F}.Debug|x86.ActiveCfg = Debug|Any CPU
		{C8AE9B11-5FA6-47F5-85BA-FB0FEA609A4F}.Debug|x86.Build.0 = Debug|Any CPU
		{C8AE9B11-5FA6-47F5-85BA-FB0FEA609A4F}.Release|Any CPU.ActiveCfg = Release|Any CPU
		{C8AE9B11-5FA6-47F5-85BA-FB0FEA609A4F}.Release|Any CPU.Build.0 = Release|Any CPU
		{C8AE9B11-5FA6-47F5-85BA-FB0FEA609A4F}.Release|x64.ActiveCfg = Release|Any CPU
		{C8AE9B11-5FA6-47F5-85BA-FB0FEA609A4F}.Release|x64.Build.0 = Release|Any CPU
		{C8AE9B11-5FA6-47F5-85BA-FB0FEA609A4F}.Release|x86.ActiveCfg = Release|Any CPU
		{C8AE9B11-5FA6-47F5-85BA-FB0FEA609A4F}.Release|x86.Build.0 = Release|Any CPU
		{5676FB07-11FF-46B0-AAF7-1A9681715479}.Debug|Any CPU.ActiveCfg = Debug|Any CPU
		{5676FB07-11FF-46B0-AAF7-1A9681715479}.Debug|Any CPU.Build.0 = Debug|Any CPU
		{5676FB07-11FF-46B0-AAF7-1A9681715479}.Debug|x64.ActiveCfg = Debug|Any CPU
		{5676FB07-11FF-46B0-AAF7-1A9681715479}.Debug|x64.Build.0 = Debug|Any CPU
		{5676FB07-11FF-46B0-AAF7-1A9681715479}.Debug|x86.ActiveCfg = Debug|Any CPU
		{5676FB07-11FF-46B0-AAF7-1A9681715479}.Debug|x86.Build.0 = Debug|Any CPU
		{5676FB07-11FF-46B0-AAF7-1A9681715479}.Release|Any CPU.ActiveCfg = Release|Any CPU
		{5676FB07-11FF-46B0-AAF7-1A9681715479}.Release|Any CPU.Build.0 = Release|Any CPU
		{5676FB07-11FF-46B0-AAF7-1A9681715479}.Release|x64.ActiveCfg = Release|Any CPU
		{5676FB07-11FF-46B0-AAF7-1A9681715479}.Release|x64.Build.0 = Release|Any CPU
		{5676FB07-11FF-46B0-AAF7-1A9681715479}.Release|x86.ActiveCfg = Release|Any CPU
		{5676FB07-11FF-46B0-AAF7-1A9681715479}.Release|x86.Build.0 = Release|Any CPU
		{36BF5817-5FC7-4397-A1E2-B99B8C38D9D2}.Debug|Any CPU.ActiveCfg = Debug|Any CPU
		{36BF5817-5FC7-4397-A1E2-B99B8C38D9D2}.Debug|Any CPU.Build.0 = Debug|Any CPU
		{36BF5817-5FC7-4397-A1E2-B99B8C38D9D2}.Debug|x64.ActiveCfg = Debug|Any CPU
		{36BF5817-5FC7-4397-A1E2-B99B8C38D9D2}.Debug|x64.Build.0 = Debug|Any CPU
		{36BF5817-5FC7-4397-A1E2-B99B8C38D9D2}.Debug|x86.ActiveCfg = Debug|Any CPU
		{36BF5817-5FC7-4397-A1E2-B99B8C38D9D2}.Debug|x86.Build.0 = Debug|Any CPU
		{36BF5817-5FC7-4397-A1E2-B99B8C38D9D2}.Release|Any CPU.ActiveCfg = Release|Any CPU
		{36BF5817-5FC7-4397-A1E2-B99B8C38D9D2}.Release|Any CPU.Build.0 = Release|Any CPU
		{36BF5817-5FC7-4397-A1E2-B99B8C38D9D2}.Release|x64.ActiveCfg = Release|Any CPU
		{36BF5817-5FC7-4397-A1E2-B99B8C38D9D2}.Release|x64.Build.0 = Release|Any CPU
		{36BF5817-5FC7-4397-A1E2-B99B8C38D9D2}.Release|x86.ActiveCfg = Release|Any CPU
		{36BF5817-5FC7-4397-A1E2-B99B8C38D9D2}.Release|x86.Build.0 = Release|Any CPU
		{D282EDCA-E004-4C3E-9B48-84E060206E43}.Debug|Any CPU.ActiveCfg = Debug|Any CPU
		{D282EDCA-E004-4C3E-9B48-84E060206E43}.Debug|Any CPU.Build.0 = Debug|Any CPU
		{D282EDCA-E004-4C3E-9B48-84E060206E43}.Debug|x64.ActiveCfg = Debug|Any CPU
		{D282EDCA-E004-4C3E-9B48-84E060206E43}.Debug|x64.Build.0 = Debug|Any CPU
		{D282EDCA-E004-4C3E-9B48-84E060206E43}.Debug|x86.ActiveCfg = Debug|Any CPU
		{D282EDCA-E004-4C3E-9B48-84E060206E43}.Debug|x86.Build.0 = Debug|Any CPU
		{D282EDCA-E004-4C3E-9B48-84E060206E43}.Release|Any CPU.ActiveCfg = Release|Any CPU
		{D282EDCA-E004-4C3E-9B48-84E060206E43}.Release|Any CPU.Build.0 = Release|Any CPU
		{D282EDCA-E004-4C3E-9B48-84E060206E43}.Release|x64.ActiveCfg = Release|Any CPU
		{D282EDCA-E004-4C3E-9B48-84E060206E43}.Release|x64.Build.0 = Release|Any CPU
		{D282EDCA-E004-4C3E-9B48-84E060206E43}.Release|x86.ActiveCfg = Release|Any CPU
		{D282EDCA-E004-4C3E-9B48-84E060206E43}.Release|x86.Build.0 = Release|Any CPU
		{9D8326F3-32CD-449C-8053-8C6D5D74CF45}.Debug|Any CPU.ActiveCfg = Debug|Any CPU
		{9D8326F3-32CD-449C-8053-8C6D5D74CF45}.Debug|Any CPU.Build.0 = Debug|Any CPU
		{9D8326F3-32CD-449C-8053-8C6D5D74CF45}.Debug|x64.ActiveCfg = Debug|Any CPU
		{9D8326F3-32CD-449C-8053-8C6D5D74CF45}.Debug|x64.Build.0 = Debug|Any CPU
		{9D8326F3-32CD-449C-8053-8C6D5D74CF45}.Debug|x86.ActiveCfg = Debug|Any CPU
		{9D8326F3-32CD-449C-8053-8C6D5D74CF45}.Debug|x86.Build.0 = Debug|Any CPU
		{9D8326F3-32CD-449C-8053-8C6D5D74CF45}.Release|Any CPU.ActiveCfg = Release|Any CPU
		{9D8326F3-32CD-449C-8053-8C6D5D74CF45}.Release|Any CPU.Build.0 = Release|Any CPU
		{9D8326F3-32CD-449C-8053-8C6D5D74CF45}.Release|x64.ActiveCfg = Release|Any CPU
		{9D8326F3-32CD-449C-8053-8C6D5D74CF45}.Release|x64.Build.0 = Release|Any CPU
		{9D8326F3-32CD-449C-8053-8C6D5D74CF45}.Release|x86.ActiveCfg = Release|Any CPU
		{9D8326F3-32CD-449C-8053-8C6D5D74CF45}.Release|x86.Build.0 = Release|Any CPU
		{E77EFAA9-0606-41E5-9888-71ABED78EF0B}.Debug|Any CPU.ActiveCfg = Debug|Any CPU
		{E77EFAA9-0606-41E5-9888-71ABED78EF0B}.Debug|Any CPU.Build.0 = Debug|Any CPU
		{E77EFAA9-0606-41E5-9888-71ABED78EF0B}.Debug|x64.ActiveCfg = Debug|Any CPU
		{E77EFAA9-0606-41E5-9888-71ABED78EF0B}.Debug|x64.Build.0 = Debug|Any CPU
		{E77EFAA9-0606-41E5-9888-71ABED78EF0B}.Debug|x86.ActiveCfg = Debug|Any CPU
		{E77EFAA9-0606-41E5-9888-71ABED78EF0B}.Debug|x86.Build.0 = Debug|Any CPU
		{E77EFAA9-0606-41E5-9888-71ABED78EF0B}.Release|Any CPU.ActiveCfg = Release|Any CPU
		{E77EFAA9-0606-41E5-9888-71ABED78EF0B}.Release|Any CPU.Build.0 = Release|Any CPU
		{E77EFAA9-0606-41E5-9888-71ABED78EF0B}.Release|x64.ActiveCfg = Release|Any CPU
		{E77EFAA9-0606-41E5-9888-71ABED78EF0B}.Release|x64.Build.0 = Release|Any CPU
		{E77EFAA9-0606-41E5-9888-71ABED78EF0B}.Release|x86.ActiveCfg = Release|Any CPU
		{E77EFAA9-0606-41E5-9888-71ABED78EF0B}.Release|x86.Build.0 = Release|Any CPU
	EndGlobalSection
	GlobalSection(SolutionProperties) = preSolution
		HideSolutionNode = FALSE
	EndGlobalSection
	GlobalSection(NestedProjects) = preSolution
		{C8AE9B11-5FA6-47F5-85BA-FB0FEA609A4F} = {23D6982A-3A50-4533-BF40-5BD113D161E1}
		{B335D786-A318-DBD6-6E3C-F87BF0C56265} = {23D6982A-3A50-4533-BF40-5BD113D161E1}
		{E3224245-D5FC-A294-7B0B-225DE4123DD6} = {23D6982A-3A50-4533-BF40-5BD113D161E1}
		{4CCF4CD6-1C79-4EBA-99D4-2290C45FCCA4} = {23D6982A-3A50-4533-BF40-5BD113D161E1}
		{5676FB07-11FF-46B0-AAF7-1A9681715479} = {E3224245-D5FC-A294-7B0B-225DE4123DD6}
		{36BF5817-5FC7-4397-A1E2-B99B8C38D9D2} = {B335D786-A318-DBD6-6E3C-F87BF0C56265}
		{D282EDCA-E004-4C3E-9B48-84E060206E43} = {4CCF4CD6-1C79-4EBA-99D4-2290C45FCCA4}
		{9D8326F3-32CD-449C-8053-8C6D5D74CF45} = {1958F47E-BED1-4132-BB08-8E79DB9D4BBB}
		{5E30039B-F31A-1DE6-A0FC-8BE671DD59CD} = {1958F47E-BED1-4132-BB08-8E79DB9D4BBB}
		{E77EFAA9-0606-41E5-9888-71ABED78EF0B} = {4CCF4CD6-1C79-4EBA-99D4-2290C45FCCA4}
	EndGlobalSection
	GlobalSection(ExtensibilityGlobals) = postSolution
		SolutionGuid = {098CE604-9B92-47B8-BF8F-3F3F7B4E327C}
	EndGlobalSection
EndGlobal
